
Microsoft Visual Studio Solution File, Format Version 12.00
# Visual Studio 15
VisualStudioVersion = 15.0.28010.2026
MinimumVisualStudioVersion = 10.0.40219.1
Project("{888888A0-9F3D-457C-B088-3A5042F75D52}") = "Self-Attention-GAN", "Self-Attention-GAN.pyproj", "{843ABCC6-2F54-494B-A7B4-C0D263D8C95D}"
EndProject
Global
	GlobalSection(SolutionConfigurationPlatforms) = preSolution
		Debug|Any CPU = Debug|Any CPU
		Release|Any CPU = Release|Any CPU
	EndGlobalSection
	GlobalSection(ProjectConfigurationPlatforms) = postSolution
		{843ABCC6-2F54-494B-A7B4-C0D263D8C95D}.Debug|Any CPU.ActiveCfg = Debug|Any CPU
		{843ABCC6-2F54-494B-A7B4-C0D263D8C95D}.Release|Any CPU.ActiveCfg = Release|Any CPU
	EndGlobalSection
	GlobalSection(SolutionProperties) = preSolution
		HideSolutionNode = FALSE
	EndGlobalSection
	GlobalSection(ExtensibilityGlobals) = postSolution
		SolutionGuid = {4524865C-EF34-43A8-9FF0-1AF8AAD54357}
	EndGlobalSection
EndGlobal
